// !$*UTF8*$!
{
	archiveVersion = 1;
	classes = {
	};
	objectVersion = 56;
	objects = {

/* Begin PBXBuildFile section */
		0CB2F1492A7D1B5600E09BDF /* HikeSwiftUIApp.swift in Sources */ = {isa = PBXBuildFile; fileRef = 0CB2F1482A7D1B5600E09BDF /* HikeSwiftUIApp.swift */; };
		0CB2F14B2A7D1B5600E09BDF /* ContentView.swift in Sources */ = {isa = PBXBuildFile; fileRef = 0CB2F14A2A7D1B5600E09BDF /* ContentView.swift */; };
		0CB2F14D2A7D1B5800E09BDF /* Assets.xcassets in Resources */ = {isa = PBXBuildFile; fileRef = 0CB2F14C2A7D1B5800E09BDF /* Assets.xcassets */; };
		0CB2F1502A7D1B5800E09BDF /* Preview Assets.xcassets in Resources */ = {isa = PBXBuildFile; fileRef = 0CB2F14F2A7D1B5800E09BDF /* Preview Assets.xcassets */; };
		0CB2F1572A7D23AF00E09BDF /* CardView.swift in Sources */ = {isa = PBXBuildFile; fileRef = 0CB2F1562A7D23AF00E09BDF /* CardView.swift */; };
		0CB2F15A2A7D25A700E09BDF /* CustomBackgroundView.swift in Sources */ = {isa = PBXBuildFile; fileRef = 0CB2F1592A7D25A700E09BDF /* CustomBackgroundView.swift */; };
		0CB2F15D2A7D2C3700E09BDF /* ColorExtension.swift in Sources */ = {isa = PBXBuildFile; fileRef = 0CB2F15C2A7D2C3700E09BDF /* ColorExtension.swift */; };
		0CB2F15F2A7D376E00E09BDF /* CustomButtonView.swift in Sources */ = {isa = PBXBuildFile; fileRef = 0CB2F15E2A7D376E00E09BDF /* CustomButtonView.swift */; };
		0CB2F1612A7D3ED800E09BDF /* GradientButtonStyle.swift in Sources */ = {isa = PBXBuildFile; fileRef = 0CB2F1602A7D3ED800E09BDF /* GradientButtonStyle.swift */; };
		0CB2F1642A7D564200E09BDF /* CustomCircleView.swift in Sources */ = {isa = PBXBuildFile; fileRef = 0CB2F1632A7D564200E09BDF /* CustomCircleView.swift */; };
		0CB2F1662A7D585600E09BDF /* MotionAnimationView.swift in Sources */ = {isa = PBXBuildFile; fileRef = 0CB2F1652A7D585600E09BDF /* MotionAnimationView.swift */; };
		0CB2F1692A7D5EB500E09BDF /* SettingsView.swift in Sources */ = {isa = PBXBuildFile; fileRef = 0CB2F1682A7D5EB500E09BDF /* SettingsView.swift */; };
		0CB2F16B2A7D6CBB00E09BDF /* CustomListRowView.swift in Sources */ = {isa = PBXBuildFile; fileRef = 0CB2F16A2A7D6CBB00E09BDF /* CustomListRowView.swift */; };
/* End PBXBuildFile section */

/* Begin PBXFileReference section */
		0CB2F1452A7D1B5600E09BDF /* HikeSwiftUI.app */ = {isa = PBXFileReference; explicitFileType = wrapper.application; includeInIndex = 0; path = HikeSwiftUI.app; sourceTree = BUILT_PRODUCTS_DIR; };
		0CB2F1482A7D1B5600E09BDF /* HikeSwiftUIApp.swift */ = {isa = PBXFileReference; lastKnownFileType = sourcecode.swift; path = HikeSwiftUIApp.swift; sourceTree = "<group>"; };
		0CB2F14A2A7D1B5600E09BDF /* ContentView.swift */ = {isa = PBXFileReference; lastKnownFileType = sourcecode.swift; path = ContentView.swift; sourceTree = "<group>"; };
		0CB2F14C2A7D1B5800E09BDF /* Assets.xcassets */ = {isa = PBXFileReference; lastKnownFileType = folder.assetcatalog; path = Assets.xcassets; sourceTree = "<group>"; };
		0CB2F14F2A7D1B5800E09BDF /* Preview Assets.xcassets */ = {isa = PBXFileReference; lastKnownFileType = folder.assetcatalog; path = "Preview Assets.xcassets"; sourceTree = "<group>"; };
		0CB2F1562A7D23AF00E09BDF /* CardView.swift */ = {isa = PBXFileReference; lastKnownFileType = sourcecode.swift; path = CardView.swift; sourceTree = "<group>"; };
		0CB2F1592A7D25A700E09BDF /* CustomBackgroundView.swift */ = {isa = PBXFileReference; lastKnownFileType = sourcecode.swift; path = CustomBackgroundView.swift; sourceTree = "<group>"; };
		0CB2F15C2A7D2C3700E09BDF /* ColorExtension.swift */ = {isa = PBXFileReference; lastKnownFileType = sourcecode.swift; path = ColorExtension.swift; sourceTree = "<group>"; };
		0CB2F15E2A7D376E00E09BDF /* CustomButtonView.swift */ = {isa = PBXFileReference; lastKnownFileType = sourcecode.swift; path = CustomButtonView.swift; sourceTree = "<group>"; };
		0CB2F1602A7D3ED800E09BDF /* GradientButtonStyle.swift */ = {isa = PBXFileReference; lastKnownFileType = sourcecode.swift; path = GradientButtonStyle.swift; sourceTree = "<group>"; };
		0CB2F1632A7D564200E09BDF /* CustomCircleView.swift */ = {isa = PBXFileReference; lastKnownFileType = sourcecode.swift; path = CustomCircleView.swift; sourceTree = "<group>"; };
		0CB2F1652A7D585600E09BDF /* MotionAnimationView.swift */ = {isa = PBXFileReference; lastKnownFileType = sourcecode.swift; path = MotionAnimationView.swift; sourceTree = "<group>"; };
		0CB2F1682A7D5EB500E09BDF /* SettingsView.swift */ = {isa = PBXFileReference; lastKnownFileType = sourcecode.swift; path = SettingsView.swift; sourceTree = "<group>"; };
		0CB2F16A2A7D6CBB00E09BDF /* CustomListRowView.swift */ = {isa = PBXFileReference; lastKnownFileType = sourcecode.swift; path = CustomListRowView.swift; sourceTree = "<group>"; };
/* End PBXFileReference section */

/* Begin PBXFrameworksBuildPhase section */
		0CB2F1422A7D1B5600E09BDF /* Frameworks */ = {
			isa = PBXFrameworksBuildPhase;
			buildActionMask = 2147483647;
			files = (
			);
			runOnlyForDeploymentPostprocessing = 0;
		};
/* End PBXFrameworksBuildPhase section */

/* Begin PBXGroup section */
		0CB2F13C2A7D1B5600E09BDF = {
			isa = PBXGroup;
			children = (
				0CB2F1472A7D1B5600E09BDF /* HikeSwiftUI */,
				0CB2F1462A7D1B5600E09BDF /* Products */,
			);
			sourceTree = "<group>";
		};
		0CB2F1462A7D1B5600E09BDF /* Products */ = {
			isa = PBXGroup;
			children = (
				0CB2F1452A7D1B5600E09BDF /* HikeSwiftUI.app */,
			);
			name = Products;
			sourceTree = "<group>";
		};
		0CB2F1472A7D1B5600E09BDF /* HikeSwiftUI */ = {
			isa = PBXGroup;
			children = (
				0CB2F1582A7D257B00E09BDF /* Component */,
				0CB2F15B2A7D29F300E09BDF /* Utility */,
				0CB2F1622A7D3F1500E09BDF /* Preview */,
				0CB2F14C2A7D1B5800E09BDF /* Assets.xcassets */,
				0CB2F14E2A7D1B5800E09BDF /* Preview Content */,
			);
			path = HikeSwiftUI;
			sourceTree = "<group>";
		};
		0CB2F14E2A7D1B5800E09BDF /* Preview Content */ = {
			isa = PBXGroup;
			children = (
				0CB2F14F2A7D1B5800E09BDF /* Preview Assets.xcassets */,
			);
			path = "Preview Content";
			sourceTree = "<group>";
		};
		0CB2F1582A7D257B00E09BDF /* Component */ = {
			isa = PBXGroup;
			children = (
				0CB2F1562A7D23AF00E09BDF /* CardView.swift */,
				0CB2F1592A7D25A700E09BDF /* CustomBackgroundView.swift */,
				0CB2F15E2A7D376E00E09BDF /* CustomButtonView.swift */,
				0CB2F1632A7D564200E09BDF /* CustomCircleView.swift */,
				0CB2F1652A7D585600E09BDF /* MotionAnimationView.swift */,
				0CB2F16A2A7D6CBB00E09BDF /* CustomListRowView.swift */,
			);
			path = Component;
			sourceTree = "<group>";
		};
		0CB2F15B2A7D29F300E09BDF /* Utility */ = {
			isa = PBXGroup;
			children = (
				0CB2F15C2A7D2C3700E09BDF /* ColorExtension.swift */,
				0CB2F1602A7D3ED800E09BDF /* GradientButtonStyle.swift */,
			);
			path = Utility;
			sourceTree = "<group>";
		};
		0CB2F1622A7D3F1500E09BDF /* Preview */ = {
			isa = PBXGroup;
			children = (
				0CB2F1482A7D1B5600E09BDF /* HikeSwiftUIApp.swift */,
				0CB2F1672A7D5E9600E09BDF /* Screen */,
			);
			path = Preview;
			sourceTree = "<group>";
		};
		0CB2F1672A7D5E9600E09BDF /* Screen */ = {
			isa = PBXGroup;
			children = (
				0CB2F14A2A7D1B5600E09BDF /* ContentView.swift */,
				0CB2F1682A7D5EB500E09BDF /* SettingsView.swift */,
			);
			path = Screen;
			sourceTree = "<group>";
		};
/* End PBXGroup section */

/* Begin PBXNativeTarget section */
		0CB2F1442A7D1B5600E09BDF /* HikeSwiftUI */ = {
			isa = PBXNativeTarget;
			buildConfigurationList = 0CB2F1532A7D1B5800E09BDF /* Build configuration list for PBXNativeTarget "HikeSwiftUI" */;
			buildPhases = (
				0CB2F1412A7D1B5600E09BDF /* Sources */,
				0CB2F1422A7D1B5600E09BDF /* Frameworks */,
				0CB2F1432A7D1B5600E09BDF /* Resources */,
			);
			buildRules = (
			);
			dependencies = (
			);
			name = HikeSwiftUI;
			productName = HikeSwiftUI;
			productReference = 0CB2F1452A7D1B5600E09BDF /* HikeSwiftUI.app */;
			productType = "com.apple.product-type.application";
		};
/* End PBXNativeTarget section */

/* Begin PBXProject section */
		0CB2F13D2A7D1B5600E09BDF /* Project object */ = {
			isa = PBXProject;
			attributes = {
				BuildIndependentTargetsInParallel = 1;
				LastSwiftUpdateCheck = 1430;
				LastUpgradeCheck = 1430;
				TargetAttributes = {
					0CB2F1442A7D1B5600E09BDF = {
						CreatedOnToolsVersion = 14.3.1;
					};
				};
			};
			buildConfigurationList = 0CB2F1402A7D1B5600E09BDF /* Build configuration list for PBXProject "HikeSwiftUI" */;
			compatibilityVersion = "Xcode 14.0";
			developmentRegion = en;
			hasScannedForEncodings = 0;
			knownRegions = (
				en,
				Base,
			);
			mainGroup = 0CB2F13C2A7D1B5600E09BDF;
			productRefGroup = 0CB2F1462A7D1B5600E09BDF /* Products */;
			projectDirPath = "";
			projectRoot = "";
			targets = (
				0CB2F1442A7D1B5600E09BDF /* HikeSwiftUI */,
			);
		};
/* End PBXProject section */

/* Begin PBXResourcesBuildPhase section */
		0CB2F1432A7D1B5600E09BDF /* Resources */ = {
			isa = PBXResourcesBuildPhase;
			buildActionMask = 2147483647;
			files = (
				0CB2F1502A7D1B5800E09BDF /* Preview Assets.xcassets in Resources */,
				0CB2F14D2A7D1B5800E09BDF /* Assets.xcassets in Resources */,
			);
			runOnlyForDeploymentPostprocessing = 0;
		};
/* End PBXResourcesBuildPhase section */

/* Begin PBXSourcesBuildPhase section */
		0CB2F1412A7D1B5600E09BDF /* Sources */ = {
			isa = PBXSourcesBuildPhase;
			buildActionMask = 2147483647;
			files = (
				0CB2F14B2A7D1B5600E09BDF /* ContentView.swift in Sources */,
				0CB2F1642A7D564200E09BDF /* CustomCircleView.swift in Sources */,
				0CB2F16B2A7D6CBB00E09BDF /* CustomListRowView.swift in Sources */,
				0CB2F1572A7D23AF00E09BDF /* CardView.swift in Sources */,
				0CB2F1492A7D1B5600E09BDF /* HikeSwiftUIApp.swift in Sources */,
				0CB2F15F2A7D376E00E09BDF /* CustomButtonView.swift in Sources */,
				0CB2F1692A7D5EB500E09BDF /* SettingsView.swift in Sources */,
				0CB2F1612A7D3ED800E09BDF /* GradientButtonStyle.swift in Sources */,
				0CB2F1662A7D585600E09BDF /* MotionAnimationView.swift in Sources */,
				0CB2F15A2A7D25A700E09BDF /* CustomBackgroundView.swift in Sources */,
				0CB2F15D2A7D2C3700E09BDF /* ColorExtension.swift in Sources */,
			);
			runOnlyForDeploymentPostprocessing = 0;
		};
/* End PBXSourcesBuildPhase section */

/* Begin XCBuildConfiguration section */
		0CB2F1512A7D1B5800E09BDF /* Debug */ = {
			isa = XCBuildConfiguration;
			buildSettings = {
				ALWAYS_SEARCH_USER_PATHS = NO;
				CLANG_ANALYZER_NONNULL = YES;
				CLANG_ANALYZER_NUMBER_OBJECT_CONVERSION = YES_AGGRESSIVE;
				CLANG_CXX_LANGUAGE_STANDARD = "gnu++20";
				CLANG_ENABLE_MODULES = YES;
				CLANG_ENABLE_OBJC_ARC = YES;
				CLANG_ENABLE_OBJC_WEAK = YES;
				CLANG_WARN_BLOCK_CAPTURE_AUTORELEASING = YES;
				CLANG_WARN_BOOL_CONVERSION = YES;
				CLANG_WARN_COMMA = YES;
				CLANG_WARN_CONSTANT_CONVERSION = YES;
				CLANG_WARN_DEPRECATED_OBJC_IMPLEMENTATIONS = YES;
				CLANG_WARN_DIRECT_OBJC_ISA_USAGE = YES_ERROR;
				CLANG_WARN_DOCUMENTATION_COMMENTS = YES;
				CLANG_WARN_EMPTY_BODY = YES;
				CLANG_WARN_ENUM_CONVERSION = YES;
				CLANG_WARN_INFINITE_RECURSION = YES;
				CLANG_WARN_INT_CONVERSION = YES;
				CLANG_WARN_NON_LITERAL_NULL_CONVERSION = YES;
				CLANG_WARN_OBJC_IMPLICIT_RETAIN_SELF = YES;
				CLANG_WARN_OBJC_LITERAL_CONVERSION = YES;
				CLANG_WARN_OBJC_ROOT_CLASS = YES_ERROR;
				CLANG_WARN_QUOTED_INCLUDE_IN_FRAMEWORK_HEADER = YES;
				CLANG_WARN_RANGE_LOOP_ANALYSIS = YES;
				CLANG_WARN_STRICT_PROTOTYPES = YES;
				CLANG_WARN_SUSPICIOUS_MOVE = YES;
				CLANG_WARN_UNGUARDED_AVAILABILITY = YES_AGGRESSIVE;
				CLANG_WARN_UNREACHABLE_CODE = YES;
				CLANG_WARN__DUPLICATE_METHOD_MATCH = YES;
				COPY_PHASE_STRIP = NO;
				DEBUG_INFORMATION_FORMAT = dwarf;
				ENABLE_STRICT_OBJC_MSGSEND = YES;
				ENABLE_TESTABILITY = YES;
				GCC_C_LANGUAGE_STANDARD = gnu11;
				GCC_DYNAMIC_NO_PIC = NO;
				GCC_NO_COMMON_BLOCKS = YES;
				GCC_OPTIMIZATION_LEVEL = 0;
				GCC_PREPROCESSOR_DEFINITIONS = (
					"DEBUG=1",
					"$(inherited)",
				);
				GCC_WARN_64_TO_32_BIT_CONVERSION = YES;
				GCC_WARN_ABOUT_RETURN_TYPE = YES_ERROR;
				GCC_WARN_UNDECLARED_SELECTOR = YES;
				GCC_WARN_UNINITIALIZED_AUTOS = YES_AGGRESSIVE;
				GCC_WARN_UNUSED_FUNCTION = YES;
				GCC_WARN_UNUSED_VARIABLE = YES;
				IPHONEOS_DEPLOYMENT_TARGET = 16.4;
				MTL_ENABLE_DEBUG_INFO = INCLUDE_SOURCE;
				MTL_FAST_MATH = YES;
				ONLY_ACTIVE_ARCH = YES;
				SDKROOT = iphoneos;
				SWIFT_ACTIVE_COMPILATION_CONDITIONS = DEBUG;
				SWIFT_OPTIMIZATION_LEVEL = "-Onone";
			};
			name = Debug;
		};
		0CB2F1522A7D1B5800E09BDF /* Release */ = {
			isa = XCBuildConfiguration;
			buildSettings = {
				ALWAYS_SEARCH_USER_PATHS = NO;
				CLANG_ANALYZER_NONNULL = YES;
				CLANG_ANALYZER_NUMBER_OBJECT_CONVERSION = YES_AGGRESSIVE;
				CLANG_CXX_LANGUAGE_STANDARD = "gnu++20";
				CLANG_ENABLE_MODULES = YES;
				CLANG_ENABLE_OBJC_ARC = YES;
				CLANG_ENABLE_OBJC_WEAK = YES;
				CLANG_WARN_BLOCK_CAPTURE_AUTORELEASING = YES;
				CLANG_WARN_BOOL_CONVERSION = YES;
				CLANG_WARN_COMMA = YES;
				CLANG_WARN_CONSTANT_CONVERSION = YES;
				CLANG_WARN_DEPRECATED_OBJC_IMPLEMENTATIONS = YES;
				CLANG_WARN_DIRECT_OBJC_ISA_USAGE = YES_ERROR;
				CLANG_WARN_DOCUMENTATION_COMMENTS = YES;
				CLANG_WARN_EMPTY_BODY = YES;
				CLANG_WARN_ENUM_CONVERSION = YES;
				CLANG_WARN_INFINITE_RECURSION = YES;
				CLANG_WARN_INT_CONVERSION = YES;
				CLANG_WARN_NON_LITERAL_NULL_CONVERSION = YES;
				CLANG_WARN_OBJC_IMPLICIT_RETAIN_SELF = YES;
				CLANG_WARN_OBJC_LITERAL_CONVERSION = YES;
				CLANG_WARN_OBJC_ROOT_CLASS = YES_ERROR;
				CLANG_WARN_QUOTED_INCLUDE_IN_FRAMEWORK_HEADER = YES;
				CLANG_WARN_RANGE_LOOP_ANALYSIS = YES;
				CLANG_WARN_STRICT_PROTOTYPES = YES;
				CLANG_WARN_SUSPICIOUS_MOVE = YES;
				CLANG_WARN_UNGUARDED_AVAILABILITY = YES_AGGRESSIVE;
				CLANG_WARN_UNREACHABLE_CODE = YES;
				CLANG_WARN__DUPLICATE_METHOD_MATCH = YES;
				COPY_PHASE_STRIP = NO;
				DEBUG_INFORMATION_FORMAT = "dwarf-with-dsym";
				ENABLE_NS_ASSERTIONS = NO;
				ENABLE_STRICT_OBJC_MSGSEND = YES;
				GCC_C_LANGUAGE_STANDARD = gnu11;
				GCC_NO_COMMON_BLOCKS = YES;
				GCC_WARN_64_TO_32_BIT_CONVERSION = YES;
				GCC_WARN_ABOUT_RETURN_TYPE = YES_ERROR;
				GCC_WARN_UNDECLARED_SELECTOR = YES;
				GCC_WARN_UNINITIALIZED_AUTOS = YES_AGGRESSIVE;
				GCC_WARN_UNUSED_FUNCTION = YES;
				GCC_WARN_UNUSED_VARIABLE = YES;
				IPHONEOS_DEPLOYMENT_TARGET = 16.4;
				MTL_ENABLE_DEBUG_INFO = NO;
				MTL_FAST_MATH = YES;
				SDKROOT = iphoneos;
				SWIFT_COMPILATION_MODE = wholemodule;
				SWIFT_OPTIMIZATION_LEVEL = "-O";
				VALIDATE_PRODUCT = YES;
			};
			name = Release;
		};
		0CB2F1542A7D1B5800E09BDF /* Debug */ = {
			isa = XCBuildConfiguration;
			buildSettings = {
				ASSETCATALOG_COMPILER_ALTERNATE_APPICON_NAMES = "AppIcon-Campfire AppIcon-Backpack AppIcon-Camera AppIcon-Mushroom AppIcon-Map AppIcon-MagnifyingGlass";
				ASSETCATALOG_COMPILER_APPICON_NAME = AppIcon;
				ASSETCATALOG_COMPILER_GLOBAL_ACCENT_COLOR_NAME = AccentColor;
				ASSETCATALOG_COMPILER_INCLUDE_ALL_APPICON_ASSETS = YES;
				CODE_SIGN_STYLE = Automatic;
				CURRENT_PROJECT_VERSION = 1;
				DEVELOPMENT_ASSET_PATHS = "\"HikeSwiftUI/Preview Content\"";
				DEVELOPMENT_TEAM = Z99D9F2SHN;
				ENABLE_PREVIEWS = YES;
				GENERATE_INFOPLIST_FILE = YES;
				INFOPLIST_KEY_UIApplicationSceneManifest_Generation = YES;
				INFOPLIST_KEY_UIApplicationSupportsIndirectInputEvents = YES;
				INFOPLIST_KEY_UILaunchScreen_Generation = YES;
				INFOPLIST_KEY_UISupportedInterfaceOrientations_iPad = "UIInterfaceOrientationPortrait UIInterfaceOrientationPortraitUpsideDown UIInterfaceOrientationLandscapeLeft UIInterfaceOrientationLandscapeRight";
				INFOPLIST_KEY_UISupportedInterfaceOrientations_iPhone = "UIInterfaceOrientationPortrait UIInterfaceOrientationLandscapeLeft UIInterfaceOrientationLandscapeRight";
				LD_RUNPATH_SEARCH_PATHS = (
					"$(inherited)",
					"@executable_path/Frameworks",
				);
				MARKETING_VERSION = 1.0;
				PRODUCT_BUNDLE_IDENTIFIER = com.yoonstart.HikeSwiftUI;
				PRODUCT_NAME = "$(TARGET_NAME)";
				SWIFT_EMIT_LOC_STRINGS = YES;
				SWIFT_VERSION = 5.0;
				TARGETED_DEVICE_FAMILY = "1,2";
			};
			name = Debug;
		};
		0CB2F1552A7D1B5800E09BDF /* Release */ = {
			isa = XCBuildConfiguration;
			buildSettings = {
				ASSETCATALOG_COMPILER_ALTERNATE_APPICON_NAMES = "AppIcon-Campfire AppIcon-Backpack AppIcon-Camera AppIcon-Mushroom AppIcon-Map AppIcon-MagnifyingGlass";
				ASSETCATALOG_COMPILER_APPICON_NAME = AppIcon;
				ASSETCATALOG_COMPILER_GLOBAL_ACCENT_COLOR_NAME = AccentColor;
				ASSETCATALOG_COMPILER_INCLUDE_ALL_APPICON_ASSETS = YES;
				CODE_SIGN_STYLE = Automatic;
				CURRENT_PROJECT_VERSION = 1;
				DEVELOPMENT_ASSET_PATHS = "\"HikeSwiftUI/Preview Content\"";
				DEVELOPMENT_TEAM = Z99D9F2SHN;
				ENABLE_PREVIEWS = YES;
				GENERATE_INFOPLIST_FILE = YES;
				INFOPLIST_KEY_UIApplicationSceneManifest_Generation = YES;
				INFOPLIST_KEY_UIApplicationSupportsIndirectInputEvents = YES;
				INFOPLIST_KEY_UILaunchScreen_Generation = YES;
				INFOPLIST_KEY_UISupportedInterfaceOrientations_iPad = "UIInterfaceOrientationPortrait UIInterfaceOrientationPortraitUpsideDown UIInterfaceOrientationLandscapeLeft UIInterfaceOrientationLandscapeRight";
				INFOPLIST_KEY_UISupportedInterfaceOrientations_iPhone = "UIInterfaceOrientationPortrait UIInterfaceOrientationLandscapeLeft UIInterfaceOrientationLandscapeRight";
				LD_RUNPATH_SEARCH_PATHS = (
					"$(inherited)",
					"@executable_path/Frameworks",
				);
				MARKETING_VERSION = 1.0;
				PRODUCT_BUNDLE_IDENTIFIER = com.yoonstart.HikeSwiftUI;
				PRODUCT_NAME = "$(TARGET_NAME)";
				SWIFT_EMIT_LOC_STRINGS = YES;
				SWIFT_VERSION = 5.0;
				TARGETED_DEVICE_FAMILY = "1,2";
			};
			name = Release;
		};
/* End XCBuildConfiguration section */

/* Begin XCConfigurationList section */
		0CB2F1402A7D1B5600E09BDF /* Build configuration list for PBXProject "HikeSwiftUI" */ = {
			isa = XCConfigurationList;
			buildConfigurations = (
				0CB2F1512A7D1B5800E09BDF /* Debug */,
				0CB2F1522A7D1B5800E09BDF /* Release */,
			);
			defaultConfigurationIsVisible = 0;
			defaultConfigurationName = Release;
		};
		0CB2F1532A7D1B5800E09BDF /* Build configuration list for PBXNativeTarget "HikeSwiftUI" */ = {
			isa = XCConfigurationList;
			buildConfigurations = (
				0CB2F1542A7D1B5800E09BDF /* Debug */,
				0CB2F1552A7D1B5800E09BDF /* Release */,
			);
			defaultConfigurationIsVisible = 0;
			defaultConfigurationName = Release;
		};
/* End XCConfigurationList section */
	};
	rootObject = 0CB2F13D2A7D1B5600E09BDF /* Project object */;
}
